
Microsoft Visual Studio Solution File, Format Version 12.00
# Visual Studio 14
VisualStudioVersion = 14.0.25123.0
MinimumVisualStudioVersion = 10.0.40219.1
Project("{FAE04EC0-301F-11D3-BF4B-00C04F79EFBC}") = "GestionDesStages", "GestionDesStages\GestionDesStages.csproj", "{3790EBF0-53D1-444A-9E9B-24451506186A}"
EndProject
Project("{FAE04EC0-301F-11D3-BF4B-00C04F79EFBC}") = "AutoCompleteTutorial", "AutoCompleteTutorial\AutoCompleteTutorial.csproj", "{0E74AA55-8E59-4C2E-9A5B-37817FD25BFD}"
EndProject
Project("{FAE04EC0-301F-11D3-BF4B-00C04F79EFBC}") = "StoredProcedure", "StoredProcedure\StoredProcedure.csproj", "{B1A437A4-9850-43F4-8EBF-E9BA07115B00}"
EndProject
Global
	GlobalSection(SolutionConfigurationPlatforms) = preSolution
		Debug|Any CPU = Debug|Any CPU
		Release|Any CPU = Release|Any CPU
	EndGlobalSection
	GlobalSection(ProjectConfigurationPlatforms) = postSolution
		{3790EBF0-53D1-444A-9E9B-24451506186A}.Debug|Any CPU.ActiveCfg = Debug|Any CPU
		{3790EBF0-53D1-444A-9E9B-24451506186A}.Debug|Any CPU.Build.0 = Debug|Any CPU
		{3790EBF0-53D1-444A-9E9B-24451506186A}.Release|Any CPU.ActiveCfg = Release|Any CPU
		{3790EBF0-53D1-444A-9E9B-24451506186A}.Release|Any CPU.Build.0 = Release|Any CPU
		{0E74AA55-8E59-4C2E-9A5B-37817FD25BFD}.Debug|Any CPU.ActiveCfg = Debug|Any CPU
		{0E74AA55-8E59-4C2E-9A5B-37817FD25BFD}.Debug|Any CPU.Build.0 = Debug|Any CPU
		{0E74AA55-8E59-4C2E-9A5B-37817FD25BFD}.Release|Any CPU.ActiveCfg = Release|Any CPU
		{0E74AA55-8E59-4C2E-9A5B-37817FD25BFD}.Release|Any CPU.Build.0 = Release|Any CPU
		{B1A437A4-9850-43F4-8EBF-E9BA07115B00}.Debug|Any CPU.ActiveCfg = Debug|Any CPU
		{B1A437A4-9850-43F4-8EBF-E9BA07115B00}.Debug|Any CPU.Build.0 = Debug|Any CPU
		{B1A437A4-9850-43F4-8EBF-E9BA07115B00}.Release|Any CPU.ActiveCfg = Release|Any CPU
		{B1A437A4-9850-43F4-8EBF-E9BA07115B00}.Release|Any CPU.Build.0 = Release|Any CPU
	EndGlobalSection
	GlobalSection(SolutionProperties) = preSolution
		HideSolutionNode = FALSE
	EndGlobalSection
	GlobalSection(TeamFoundationVersionControl) = preSolution
		SccNumberOfProjects = 4
		SccEnterpriseProvider = {4CA58AB2-18FA-4F8D-95D4-32DDF27D184C}
		SccTeamFoundationServer = https://meherbensaid2.visualstudio.com/
		SccLocalPath0 = .
		SccProjectUniqueName1 = AutoCompleteTutorial\\AutoCompleteTutorial.csproj
		SccProjectName1 = AutoCompleteTutorial
		SccLocalPath1 = AutoCompleteTutorial
		SccProjectUniqueName2 = GestionDesStages\\GestionDesStages.csproj
		SccProjectName2 = GestionDesStages
		SccLocalPath2 = GestionDesStages
		SccProjectUniqueName3 = StoredProcedure\\StoredProcedure.csproj
		SccProjectName3 = StoredProcedure
		SccLocalPath3 = StoredProcedure
	EndGlobalSection
EndGlobal
